github.com/decred/dcrd/crypto/blake256 v1.0.0 h1:/8DMNYp9SGi5f0w7uCm6d6M4OU2rGFK09Y2A4Xv7EE0=
github.com/decred/dcrd/crypto/blake256 v1.0.0/go.mod h1:sQl2p6Y26YV+ZOcSTP6thNdn47hh8kt6rqSlvmrXFAc=
github.com/decred/dcrd/dcrec/secp256k1/v4 v4.0.1 h1:YLtO71vCjJRCBcrPMtQ9nqBsqpA1m5sE92cU+pd5Mcc=
github.com/decred/dcrd/dcrec/secp256k1/v4 v4.0.1/go.mod h1:hyedUtir6IdtD/7lIxGeCxkaw7y45JueMRL4DIyJDKs=
github.com/ethereum/go-ethereum v1.16.1 h1:7684NfKCb1+IChudzdKyZJ12l1Tq4ybPZOITiCDXqCk=
github.com/ethereum/go-ethereum v1.16.1/go.mod h1:ngYIvmMAYdo4sGW9cGzLvSsPGhDOOzL0jK5S5iXpj0g=
github.com/gluk256/crypto v0.0.0-20200422190250-26df5d362bec h1:uN11eg1JCBYt0Bvr/jwjIT/407sEAECRwcEX9g6GjX8=
github.com/gluk256/crypto v0.0.0-20200422190250-26df5d362bec/go.mod h1:iCvE0klBXuoY+YbHzQISu1hL3APRovuzOPcDC0bAQYc=
github.com/gluk256/elliptic v0.0.0-20200423091048-2b804d5f4f98 h1:Ud31R9d3cEVD+MLKidGuNCJFLrN+Zud0K0oxcXV4tHY=
github.com/gluk256/elliptic v0.0.0-20200423091048-2b804d5f4f98/go.mod h1:PIj0cnkEpT0m/+Z2UMIGTQxPT0xwmJmaGvzwuU9LdTk=
github.com/holiman/uint256 v1.3.2 h1:a9EgMPSC1AAaj1SZL5zIQD3WbwTuHrMGOerLjGmM/TA=
github.com/holiman/uint256 v1.3.2/go.mod h1:EOMSn4q6Nyt9P6efbI3bueV4e1b3dGlUCXeiRV4ng7E=
golang.org/x/crypto v0.36.0 h1:AnAEvhDddvBdpY+uR+MyHmuZzzNqXSe/GvuDeob5L34=
golang.org/x/crypto v0.36.0/go.mod h1:Y4J0ReaxCR1IMaabaSMugxJES1EpwhBHhv2bDHklZvc=
golang.org/x/sys v0.31.0 h1:ioabZlmFYtWhL+TRYpcnNlLwhyxaM9kWTDEmfnprqik=
golang.org/x/sys v0.31.0/go.mod h1:BJP2sWEmIv4KK5OTEluFJCKSidICx8ciO85XgH3Ak8k=
golang.org/x/term v0.30.0 h1:PQ39fJZ+mfadBm0y5WlL4vlM7Sx1Hgf13sMIY2+QS9Y=
golang.org/x/term v0.30.0/go.mod h1:NYYFdzHoI5wRh/h5tDMdMqCqPJZEuNqVR5xJLd/n67g=
